// !$*UTF8*$!
{
	archiveVersion = 1;
	classes = {
	};
	objectVersion = 56;
	objects = {

/* Begin PBXBuildFile section */
		D12952402A28004D00334302 /* SwiftProtobuf in Frameworks */ = {isa = PBXBuildFile; productRef = D129523F2A28004D00334302 /* SwiftProtobuf */; };
		D12952422A28006800334302 /* sat_info.proto in Sources */ = {isa = PBXBuildFile; fileRef = D12952412A28006800334302 /* sat_info.proto */; };
		D12952492A2806E600334302 /* SatInfoManager.swift in Sources */ = {isa = PBXBuildFile; fileRef = D12952482A2806E600334302 /* SatInfoManager.swift */; };
		D13429B82A302A2B00184085 /* SkyView.swift in Sources */ = {isa = PBXBuildFile; fileRef = D13429B72A302A2B00184085 /* SkyView.swift */; };
		D19BE3462A302C6800DC47D1 /* SatViewModel.swift in Sources */ = {isa = PBXBuildFile; fileRef = D19BE3452A302C6800DC47D1 /* SatViewModel.swift */; };
		D19BE3482A302CD400DC47D1 /* SatInfoView.swift in Sources */ = {isa = PBXBuildFile; fileRef = D19BE3472A302CD400DC47D1 /* SatInfoView.swift */; };
		D1A738752A230C69002832A1 /* sdp4.c in Sources */ = {isa = PBXBuildFile; fileRef = D1A738642A230C69002832A1 /* sdp4.c */; };
		D1A738762A230C69002832A1 /* moon.c in Sources */ = {isa = PBXBuildFile; fileRef = D1A738652A230C69002832A1 /* moon.c */; };
		D1A738782A230C69002832A1 /* orbit.c in Sources */ = {isa = PBXBuildFile; fileRef = D1A738682A230C69002832A1 /* orbit.c */; };
		D1A738792A230C69002832A1 /* sun.c in Sources */ = {isa = PBXBuildFile; fileRef = D1A738692A230C69002832A1 /* sun.c */; };
		D1A7387A2A230C69002832A1 /* defs.h in Headers */ = {isa = PBXBuildFile; fileRef = D1A7386A2A230C69002832A1 /* defs.h */; };
		D1A7387B2A230C69002832A1 /* refraction.c in Sources */ = {isa = PBXBuildFile; fileRef = D1A7386B2A230C69002832A1 /* refraction.c */; };
		D1A7387C2A230C69002832A1 /* unsorted.c in Sources */ = {isa = PBXBuildFile; fileRef = D1A7386C2A230C69002832A1 /* unsorted.c */; };
		D1A7387D2A230C69002832A1 /* julian_date.c in Sources */ = {isa = PBXBuildFile; fileRef = D1A7386D2A230C69002832A1 /* julian_date.c */; };
		D1A7387E2A230C69002832A1 /* unsorted.h in Headers */ = {isa = PBXBuildFile; fileRef = D1A7386E2A230C69002832A1 /* unsorted.h */; };
		D1A7387F2A230C69002832A1 /* version.c in Sources */ = {isa = PBXBuildFile; fileRef = D1A7386F2A230C69002832A1 /* version.c */; };
		D1A738802A230C69002832A1 /* sgp4.c in Sources */ = {isa = PBXBuildFile; fileRef = D1A738702A230C69002832A1 /* sgp4.c */; };
		D1A738812A230C69002832A1 /* observer.c in Sources */ = {isa = PBXBuildFile; fileRef = D1A738712A230C69002832A1 /* observer.c */; };
		D1A738822A230C69002832A1 /* sun.h in Headers */ = {isa = PBXBuildFile; fileRef = D1A738722A230C69002832A1 /* sun.h */; };
		D1A738832A230C69002832A1 /* sdp4.h in Headers */ = {isa = PBXBuildFile; fileRef = D1A738732A230C69002832A1 /* sdp4.h */; };
		D1A738842A230C69002832A1 /* sgp4.h in Headers */ = {isa = PBXBuildFile; fileRef = D1A738742A230C69002832A1 /* sgp4.h */; };
		D1A7388F2A24235B002832A1 /* SatHunterApp.swift in Sources */ = {isa = PBXBuildFile; fileRef = D1A7388E2A24235B002832A1 /* SatHunterApp.swift */; };
		D1A738912A24235B002832A1 /* TrackingView.swift in Sources */ = {isa = PBXBuildFile; fileRef = D1A738902A24235B002832A1 /* TrackingView.swift */; };
		D1A738932A24235D002832A1 /* Assets.xcassets in Resources */ = {isa = PBXBuildFile; fileRef = D1A738922A24235D002832A1 /* Assets.xcassets */; };
		D1A738962A24235D002832A1 /* Preview Assets.xcassets in Resources */ = {isa = PBXBuildFile; fileRef = D1A738952A24235D002832A1 /* Preview Assets.xcassets */; };
		D1A738B62A242398002832A1 /* LibPredict.swift in Sources */ = {isa = PBXBuildFile; fileRef = D1A738852A230F81002832A1 /* LibPredict.swift */; };
		D1A738B72A242434002832A1 /* libpredict.framework in Frameworks */ = {isa = PBXBuildFile; fileRef = D1403E342A2303ED000E873B /* libpredict.framework */; };
		D1A738B82A242434002832A1 /* libpredict.framework in Embed Frameworks */ = {isa = PBXBuildFile; fileRef = D1403E342A2303ED000E873B /* libpredict.framework */; settings = {ATTRIBUTES = (CodeSignOnCopy, RemoveHeadersOnCopy, ); }; };
		D1A738BE2A250C06002832A1 /* SatListView.swift in Sources */ = {isa = PBXBuildFile; fileRef = D1A738BD2A250C06002832A1 /* SatListView.swift */; };
		D1A738C62A25441D002832A1 /* RigControlView.swift in Sources */ = {isa = PBXBuildFile; fileRef = D1A738C52A25441D002832A1 /* RigControlView.swift */; };
		D1A738C82A2550B6002832A1 /* SatView.swift in Sources */ = {isa = PBXBuildFile; fileRef = D1A738C72A2550B6002832A1 /* SatView.swift */; };
		D1A738CA2A25A485002832A1 /* Rig.swift in Sources */ = {isa = PBXBuildFile; fileRef = D1A738C92A25A485002832A1 /* Rig.swift */; };
		D1F547912A29B15700AED698 /* SettingsView.swift in Sources */ = {isa = PBXBuildFile; fileRef = D1F547902A29B15700AED698 /* SettingsView.swift */; };
/* End PBXBuildFile section */

/* Begin PBXBuildRule section */
		D12952462A2803E300334302 /* PBXBuildRule */ = {
			isa = PBXBuildRule;
			compilerSpec = com.apple.compilers.proxy.script;
			filePatterns = "*.proto";
			fileType = pattern.proxy;
			inputFiles = (
			);
			isEditable = 1;
			outputFiles = (
				"$(DERIVED_FILE_DIR)/$(INPUT_FILE_BASE).pb.swift",
			);
			runOncePerArchitecture = 0;
			script = "export PATH=$PATH:/opt/homebrew/bin\nprotoc --proto_path=\"$INPUT_FILE_DIR\" --swift_out=\"$DERIVED_FILE_DIR\" \"$INPUT_FILE_PATH\"\n";
		};
/* End PBXBuildRule section */

/* Begin PBXContainerItemProxy section */
		D1A738B92A242434002832A1 /* PBXContainerItemProxy */ = {
			isa = PBXContainerItemProxy;
			containerPortal = D1403E292A2303C9000E873B /* Project object */;
			proxyType = 1;
			remoteGlobalIDString = D1403E332A2303ED000E873B;
			remoteInfo = libpredict;
		};
/* End PBXContainerItemProxy section */

/* Begin PBXCopyFilesBuildPhase section */
		D1A738BB2A242434002832A1 /* Embed Frameworks */ = {
			isa = PBXCopyFilesBuildPhase;
			buildActionMask = 2147483647;
			dstPath = "";
			dstSubfolderSpec = 10;
			files = (
				D1A738B82A242434002832A1 /* libpredict.framework in Embed Frameworks */,
			);
			name = "Embed Frameworks";
			runOnlyForDeploymentPostprocessing = 0;
		};
/* End PBXCopyFilesBuildPhase section */

/* Begin PBXFileReference section */
		D12952412A28006800334302 /* sat_info.proto */ = {isa = PBXFileReference; lastKnownFileType = sourcecode.protobuf; path = sat_info.proto; sourceTree = "<group>"; };
		D12952482A2806E600334302 /* SatInfoManager.swift */ = {isa = PBXFileReference; lastKnownFileType = sourcecode.swift; path = SatInfoManager.swift; sourceTree = "<group>"; };
		D13429B72A302A2B00184085 /* SkyView.swift */ = {isa = PBXFileReference; fileEncoding = 4; lastKnownFileType = sourcecode.swift; path = SkyView.swift; sourceTree = "<group>"; };
		D1403E342A2303ED000E873B /* libpredict.framework */ = {isa = PBXFileReference; explicitFileType = wrapper.framework; includeInIndex = 0; path = libpredict.framework; sourceTree = BUILT_PRODUCTS_DIR; };
		D19BE3452A302C6800DC47D1 /* SatViewModel.swift */ = {isa = PBXFileReference; lastKnownFileType = sourcecode.swift; path = SatViewModel.swift; sourceTree = "<group>"; };
		D19BE3472A302CD400DC47D1 /* SatInfoView.swift */ = {isa = PBXFileReference; lastKnownFileType = sourcecode.swift; path = SatInfoView.swift; sourceTree = "<group>"; };
		D1A738642A230C69002832A1 /* sdp4.c */ = {isa = PBXFileReference; fileEncoding = 4; lastKnownFileType = sourcecode.c.c; path = sdp4.c; sourceTree = "<group>"; };
		D1A738652A230C69002832A1 /* moon.c */ = {isa = PBXFileReference; fileEncoding = 4; lastKnownFileType = sourcecode.c.c; path = moon.c; sourceTree = "<group>"; };
		D1A738672A230C69002832A1 /* predict.h */ = {isa = PBXFileReference; fileEncoding = 4; lastKnownFileType = sourcecode.c.h; path = predict.h; sourceTree = "<group>"; };
		D1A738682A230C69002832A1 /* orbit.c */ = {isa = PBXFileReference; fileEncoding = 4; lastKnownFileType = sourcecode.c.c; path = orbit.c; sourceTree = "<group>"; };
		D1A738692A230C69002832A1 /* sun.c */ = {isa = PBXFileReference; fileEncoding = 4; lastKnownFileType = sourcecode.c.c; path = sun.c; sourceTree = "<group>"; };
		D1A7386A2A230C69002832A1 /* defs.h */ = {isa = PBXFileReference; fileEncoding = 4; lastKnownFileType = sourcecode.c.h; path = defs.h; sourceTree = "<group>"; };
		D1A7386B2A230C69002832A1 /* refraction.c */ = {isa = PBXFileReference; fileEncoding = 4; lastKnownFileType = sourcecode.c.c; path = refraction.c; sourceTree = "<group>"; };
		D1A7386C2A230C69002832A1 /* unsorted.c */ = {isa = PBXFileReference; fileEncoding = 4; lastKnownFileType = sourcecode.c.c; path = unsorted.c; sourceTree = "<group>"; };
		D1A7386D2A230C69002832A1 /* julian_date.c */ = {isa = PBXFileReference; fileEncoding = 4; lastKnownFileType = sourcecode.c.c; path = julian_date.c; sourceTree = "<group>"; };
		D1A7386E2A230C69002832A1 /* unsorted.h */ = {isa = PBXFileReference; fileEncoding = 4; lastKnownFileType = sourcecode.c.h; path = unsorted.h; sourceTree = "<group>"; };
		D1A7386F2A230C69002832A1 /* version.c */ = {isa = PBXFileReference; fileEncoding = 4; lastKnownFileType = sourcecode.c.c; path = version.c; sourceTree = "<group>"; };
		D1A738702A230C69002832A1 /* sgp4.c */ = {isa = PBXFileReference; fileEncoding = 4; lastKnownFileType = sourcecode.c.c; path = sgp4.c; sourceTree = "<group>"; };
		D1A738712A230C69002832A1 /* observer.c */ = {isa = PBXFileReference; fileEncoding = 4; lastKnownFileType = sourcecode.c.c; path = observer.c; sourceTree = "<group>"; };
		D1A738722A230C69002832A1 /* sun.h */ = {isa = PBXFileReference; fileEncoding = 4; lastKnownFileType = sourcecode.c.h; path = sun.h; sourceTree = "<group>"; };
		D1A738732A230C69002832A1 /* sdp4.h */ = {isa = PBXFileReference; fileEncoding = 4; lastKnownFileType = sourcecode.c.h; path = sdp4.h; sourceTree = "<group>"; };
		D1A738742A230C69002832A1 /* sgp4.h */ = {isa = PBXFileReference; fileEncoding = 4; lastKnownFileType = sourcecode.c.h; path = sgp4.h; sourceTree = "<group>"; };
		D1A738852A230F81002832A1 /* LibPredict.swift */ = {isa = PBXFileReference; lastKnownFileType = sourcecode.swift; path = LibPredict.swift; sourceTree = "<group>"; };
		D1A7388C2A24235B002832A1 /* SatHunter.app */ = {isa = PBXFileReference; explicitFileType = wrapper.application; includeInIndex = 0; path = SatHunter.app; sourceTree = BUILT_PRODUCTS_DIR; };
		D1A7388E2A24235B002832A1 /* SatHunterApp.swift */ = {isa = PBXFileReference; lastKnownFileType = sourcecode.swift; path = SatHunterApp.swift; sourceTree = "<group>"; };
		D1A738902A24235B002832A1 /* TrackingView.swift */ = {isa = PBXFileReference; lastKnownFileType = sourcecode.swift; path = TrackingView.swift; sourceTree = "<group>"; };
		D1A738922A24235D002832A1 /* Assets.xcassets */ = {isa = PBXFileReference; lastKnownFileType = folder.assetcatalog; path = Assets.xcassets; sourceTree = "<group>"; };
		D1A738952A24235D002832A1 /* Preview Assets.xcassets */ = {isa = PBXFileReference; lastKnownFileType = folder.assetcatalog; path = "Preview Assets.xcassets"; sourceTree = "<group>"; };
		D1A738BC2A2475AD002832A1 /* Info.plist */ = {isa = PBXFileReference; lastKnownFileType = text.plist; path = Info.plist; sourceTree = "<group>"; };
		D1A738BD2A250C06002832A1 /* SatListView.swift */ = {isa = PBXFileReference; lastKnownFileType = sourcecode.swift; path = SatListView.swift; sourceTree = "<group>"; };
		D1A738C52A25441D002832A1 /* RigControlView.swift */ = {isa = PBXFileReference; lastKnownFileType = sourcecode.swift; path = RigControlView.swift; sourceTree = "<group>"; };
		D1A738C72A2550B6002832A1 /* SatView.swift */ = {isa = PBXFileReference; lastKnownFileType = sourcecode.swift; path = SatView.swift; sourceTree = "<group>"; };
		D1A738C92A25A485002832A1 /* Rig.swift */ = {isa = PBXFileReference; fileEncoding = 4; lastKnownFileType = sourcecode.swift; path = Rig.swift; sourceTree = "<group>"; };
		D1F547902A29B15700AED698 /* SettingsView.swift */ = {isa = PBXFileReference; lastKnownFileType = sourcecode.swift; path = SettingsView.swift; sourceTree = "<group>"; };
/* End PBXFileReference section */

/* Begin PBXFrameworksBuildPhase section */
		D1403E312A2303ED000E873B /* Frameworks */ = {
			isa = PBXFrameworksBuildPhase;
			buildActionMask = 2147483647;
			files = (
				D12952402A28004D00334302 /* SwiftProtobuf in Frameworks */,
			);
			runOnlyForDeploymentPostprocessing = 0;
		};
		D1A738892A24235B002832A1 /* Frameworks */ = {
			isa = PBXFrameworksBuildPhase;
			buildActionMask = 2147483647;
			files = (
				D1A738B72A242434002832A1 /* libpredict.framework in Frameworks */,
			);
			runOnlyForDeploymentPostprocessing = 0;
		};
/* End PBXFrameworksBuildPhase section */

/* Begin PBXGroup section */
		D12952472A2803FD00334302 /* Protos */ = {
			isa = PBXGroup;
			children = (
				D12952412A28006800334302 /* sat_info.proto */,
			);
			path = Protos;
			sourceTree = "<group>";
		};
		D1403E282A2303C9000E873B = {
			isa = PBXGroup;
			children = (
				D1403E362A2303ED000E873B /* libpredict */,
				D1A7388D2A24235B002832A1 /* SatHunter */,
				D1403E352A2303ED000E873B /* Products */,
				D1403E632A23082C000E873B /* Frameworks */,
			);
			sourceTree = "<group>";
		};
		D1403E352A2303ED000E873B /* Products */ = {
			isa = PBXGroup;
			children = (
				D1403E342A2303ED000E873B /* libpredict.framework */,
				D1A7388C2A24235B002832A1 /* SatHunter.app */,
			);
			name = Products;
			sourceTree = "<group>";
		};
		D1403E362A2303ED000E873B /* libpredict */ = {
			isa = PBXGroup;
			children = (
				D1A7386A2A230C69002832A1 /* defs.h */,
				D1A7386D2A230C69002832A1 /* julian_date.c */,
				D1A738652A230C69002832A1 /* moon.c */,
				D1A738712A230C69002832A1 /* observer.c */,
				D1A738682A230C69002832A1 /* orbit.c */,
				D1A738662A230C69002832A1 /* predict */,
				D1A7386B2A230C69002832A1 /* refraction.c */,
				D1A738642A230C69002832A1 /* sdp4.c */,
				D1A738732A230C69002832A1 /* sdp4.h */,
				D1A738702A230C69002832A1 /* sgp4.c */,
				D1A738742A230C69002832A1 /* sgp4.h */,
				D1A738692A230C69002832A1 /* sun.c */,
				D1A738722A230C69002832A1 /* sun.h */,
				D1A7386C2A230C69002832A1 /* unsorted.c */,
				D1A7386E2A230C69002832A1 /* unsorted.h */,
				D1A7386F2A230C69002832A1 /* version.c */,
			);
			path = libpredict;
			sourceTree = "<group>";
		};
		D1403E632A23082C000E873B /* Frameworks */ = {
			isa = PBXGroup;
			children = (
			);
			name = Frameworks;
			sourceTree = "<group>";
		};
		D1A738662A230C69002832A1 /* predict */ = {
			isa = PBXGroup;
			children = (
				D1A738672A230C69002832A1 /* predict.h */,
			);
			path = predict;
			sourceTree = "<group>";
		};
		D1A7388D2A24235B002832A1 /* SatHunter */ = {
			isa = PBXGroup;
			children = (
				D12952472A2803FD00334302 /* Protos */,
				D1A738C92A25A485002832A1 /* Rig.swift */,
				D1A738BC2A2475AD002832A1 /* Info.plist */,
				D1A738852A230F81002832A1 /* LibPredict.swift */,
				D1A7388E2A24235B002832A1 /* SatHunterApp.swift */,
				D1A738902A24235B002832A1 /* TrackingView.swift */,
				D13429B72A302A2B00184085 /* SkyView.swift */,
				D1A738C52A25441D002832A1 /* RigControlView.swift */,
				D1A738922A24235D002832A1 /* Assets.xcassets */,
				D1A738942A24235D002832A1 /* Preview Content */,
				D1A738BD2A250C06002832A1 /* SatListView.swift */,
				D1A738C72A2550B6002832A1 /* SatView.swift */,
				D12952482A2806E600334302 /* SatInfoManager.swift */,
				D1F547902A29B15700AED698 /* SettingsView.swift */,
				D19BE3452A302C6800DC47D1 /* SatViewModel.swift */,
				D19BE3472A302CD400DC47D1 /* SatInfoView.swift */,
			);
			path = SatHunter;
			sourceTree = "<group>";
		};
		D1A738942A24235D002832A1 /* Preview Content */ = {
			isa = PBXGroup;
			children = (
				D1A738952A24235D002832A1 /* Preview Assets.xcassets */,
			);
			path = "Preview Content";
			sourceTree = "<group>";
		};
/* End PBXGroup section */

/* Begin PBXHeadersBuildPhase section */
		D1403E2F2A2303ED000E873B /* Headers */ = {
			isa = PBXHeadersBuildPhase;
			buildActionMask = 2147483647;
			files = (
				D1A738832A230C69002832A1 /* sdp4.h in Headers */,
				D1A7387E2A230C69002832A1 /* unsorted.h in Headers */,
				D1A738842A230C69002832A1 /* sgp4.h in Headers */,
				D1A738822A230C69002832A1 /* sun.h in Headers */,
				D1A7387A2A230C69002832A1 /* defs.h in Headers */,
			);
			runOnlyForDeploymentPostprocessing = 0;
		};
/* End PBXHeadersBuildPhase section */

/* Begin PBXNativeTarget section */
		D1403E332A2303ED000E873B /* libpredict */ = {
			isa = PBXNativeTarget;
			buildConfigurationList = D1403E392A2303ED000E873B /* Build configuration list for PBXNativeTarget "libpredict" */;
			buildPhases = (
				D1403E2F2A2303ED000E873B /* Headers */,
				D1403E302A2303ED000E873B /* Sources */,
				D1403E312A2303ED000E873B /* Frameworks */,
				D1403E322A2303ED000E873B /* Resources */,
			);
			buildRules = (
			);
			dependencies = (
			);
			name = libpredict;
			packageProductDependencies = (
				D129523F2A28004D00334302 /* SwiftProtobuf */,
			);
			productName = libpredict;
			productReference = D1403E342A2303ED000E873B /* libpredict.framework */;
			productType = "com.apple.product-type.framework";
		};
		D1A7388B2A24235B002832A1 /* SatHunter */ = {
			isa = PBXNativeTarget;
			buildConfigurationList = D1A738B32A24235D002832A1 /* Build configuration list for PBXNativeTarget "SatHunter" */;
			buildPhases = (
				D1A738882A24235B002832A1 /* Sources */,
				D1A738892A24235B002832A1 /* Frameworks */,
				D1A7388A2A24235B002832A1 /* Resources */,
				D1A738BB2A242434002832A1 /* Embed Frameworks */,
			);
			buildRules = (
				D12952462A2803E300334302 /* PBXBuildRule */,
			);
			dependencies = (
				D1A738BA2A242434002832A1 /* PBXTargetDependency */,
			);
			name = SatHunter;
			productName = SatHunter705;
			productReference = D1A7388C2A24235B002832A1 /* SatHunter.app */;
			productType = "com.apple.product-type.application";
		};
/* End PBXNativeTarget section */

/* Begin PBXProject section */
		D1403E292A2303C9000E873B /* Project object */ = {
			isa = PBXProject;
			attributes = {
				BuildIndependentTargetsInParallel = 1;
				LastSwiftUpdateCheck = 1430;
				LastUpgradeCheck = 1430;
				TargetAttributes = {
					D1403E332A2303ED000E873B = {
						CreatedOnToolsVersion = 14.3;
					};
					D1A7388B2A24235B002832A1 = {
						CreatedOnToolsVersion = 14.3;
					};
				};
			};
			buildConfigurationList = D1403E2C2A2303C9000E873B /* Build configuration list for PBXProject "SatHunter" */;
			compatibilityVersion = "Xcode 14.0";
			developmentRegion = en;
			hasScannedForEncodings = 0;
			knownRegions = (
				en,
				Base,
			);
			mainGroup = D1403E282A2303C9000E873B;
			packageReferences = (
				D129523E2A28004D00334302 /* XCRemoteSwiftPackageReference "swift-protobuf" */,
			);
			productRefGroup = D1403E352A2303ED000E873B /* Products */;
			projectDirPath = "";
			projectRoot = "";
			targets = (
				D1403E332A2303ED000E873B /* libpredict */,
				D1A7388B2A24235B002832A1 /* SatHunter */,
			);
		};
/* End PBXProject section */

/* Begin PBXResourcesBuildPhase section */
		D1403E322A2303ED000E873B /* Resources */ = {
			isa = PBXResourcesBuildPhase;
			buildActionMask = 2147483647;
			files = (
			);
			runOnlyForDeploymentPostprocessing = 0;
		};
		D1A7388A2A24235B002832A1 /* Resources */ = {
			isa = PBXResourcesBuildPhase;
			buildActionMask = 2147483647;
			files = (
				D1A738962A24235D002832A1 /* Preview Assets.xcassets in Resources */,
				D1A738932A24235D002832A1 /* Assets.xcassets in Resources */,
			);
			runOnlyForDeploymentPostprocessing = 0;
		};
/* End PBXResourcesBuildPhase section */

/* Begin PBXSourcesBuildPhase section */
		D1403E302A2303ED000E873B /* Sources */ = {
			isa = PBXSourcesBuildPhase;
			buildActionMask = 2147483647;
			files = (
				D1A7387F2A230C69002832A1 /* version.c in Sources */,
				D1A738792A230C69002832A1 /* sun.c in Sources */,
				D1A738782A230C69002832A1 /* orbit.c in Sources */,
				D1A738762A230C69002832A1 /* moon.c in Sources */,
				D1A7387B2A230C69002832A1 /* refraction.c in Sources */,
				D1A738752A230C69002832A1 /* sdp4.c in Sources */,
				D1A7387C2A230C69002832A1 /* unsorted.c in Sources */,
				D1A738802A230C69002832A1 /* sgp4.c in Sources */,
				D1A7387D2A230C69002832A1 /* julian_date.c in Sources */,
				D1A738812A230C69002832A1 /* observer.c in Sources */,
			);
			runOnlyForDeploymentPostprocessing = 0;
		};
		D1A738882A24235B002832A1 /* Sources */ = {
			isa = PBXSourcesBuildPhase;
			buildActionMask = 2147483647;
			files = (
				D1A738912A24235B002832A1 /* TrackingView.swift in Sources */,
				D12952422A28006800334302 /* sat_info.proto in Sources */,
				D19BE3482A302CD400DC47D1 /* SatInfoView.swift in Sources */,
				D1A738B62A242398002832A1 /* LibPredict.swift in Sources */,
				D1A738C62A25441D002832A1 /* RigControlView.swift in Sources */,
				D1A7388F2A24235B002832A1 /* SatHunterApp.swift in Sources */,
				D1F547912A29B15700AED698 /* SettingsView.swift in Sources */,
				D12952492A2806E600334302 /* SatInfoManager.swift in Sources */,
				D1A738C82A2550B6002832A1 /* SatView.swift in Sources */,
				D1A738CA2A25A485002832A1 /* Rig.swift in Sources */,
				D19BE3462A302C6800DC47D1 /* SatViewModel.swift in Sources */,
				D13429B82A302A2B00184085 /* SkyView.swift in Sources */,
				D1A738BE2A250C06002832A1 /* SatListView.swift in Sources */,
			);
			runOnlyForDeploymentPostprocessing = 0;
		};
/* End PBXSourcesBuildPhase section */

/* Begin PBXTargetDependency section */
		D1A738BA2A242434002832A1 /* PBXTargetDependency */ = {
			isa = PBXTargetDependency;
			target = D1403E332A2303ED000E873B /* libpredict */;
			targetProxy = D1A738B92A242434002832A1 /* PBXContainerItemProxy */;
		};
/* End PBXTargetDependency section */

/* Begin XCBuildConfiguration section */
		D1403E2D2A2303C9000E873B /* Debug */ = {
			isa = XCBuildConfiguration;
			buildSettings = {
			};
			name = Debug;
		};
		D1403E2E2A2303C9000E873B /* Release */ = {
			isa = XCBuildConfiguration;
			buildSettings = {
			};
			name = Release;
		};
		D1403E3A2A2303ED000E873B /* Debug */ = {
			isa = XCBuildConfiguration;
			buildSettings = {
				ALWAYS_SEARCH_USER_PATHS = NO;
				CLANG_ANALYZER_NONNULL = YES;
				CLANG_ANALYZER_NUMBER_OBJECT_CONVERSION = YES_AGGRESSIVE;
				CLANG_CXX_LANGUAGE_STANDARD = "gnu++20";
				CLANG_ENABLE_MODULES = YES;
				CLANG_ENABLE_OBJC_ARC = YES;
				CLANG_ENABLE_OBJC_WEAK = YES;
				CLANG_WARN_BLOCK_CAPTURE_AUTORELEASING = YES;
				CLANG_WARN_BOOL_CONVERSION = YES;
				CLANG_WARN_COMMA = YES;
				CLANG_WARN_CONSTANT_CONVERSION = YES;
				CLANG_WARN_DEPRECATED_OBJC_IMPLEMENTATIONS = YES;
				CLANG_WARN_DIRECT_OBJC_ISA_USAGE = YES_ERROR;
				CLANG_WARN_DOCUMENTATION_COMMENTS = YES;
				CLANG_WARN_EMPTY_BODY = YES;
				CLANG_WARN_ENUM_CONVERSION = YES;
				CLANG_WARN_INFINITE_RECURSION = YES;
				CLANG_WARN_INT_CONVERSION = YES;
				CLANG_WARN_NON_LITERAL_NULL_CONVERSION = YES;
				CLANG_WARN_OBJC_IMPLICIT_RETAIN_SELF = YES;
				CLANG_WARN_OBJC_LITERAL_CONVERSION = YES;
				CLANG_WARN_OBJC_ROOT_CLASS = YES_ERROR;
				CLANG_WARN_QUOTED_INCLUDE_IN_FRAMEWORK_HEADER = YES;
				CLANG_WARN_RANGE_LOOP_ANALYSIS = YES;
				CLANG_WARN_STRICT_PROTOTYPES = YES;
				CLANG_WARN_SUSPICIOUS_MOVE = YES;
				CLANG_WARN_UNGUARDED_AVAILABILITY = YES_AGGRESSIVE;
				CLANG_WARN_UNREACHABLE_CODE = YES;
				CLANG_WARN__DUPLICATE_METHOD_MATCH = YES;
				CODE_SIGN_STYLE = Automatic;
				COPY_PHASE_STRIP = NO;
				CURRENT_PROJECT_VERSION = 1;
				DEBUG_INFORMATION_FORMAT = dwarf;
				DEFINES_MODULE = YES;
				DEVELOPMENT_TEAM = SCUM4657N5;
				DYLIB_COMPATIBILITY_VERSION = 1;
				DYLIB_CURRENT_VERSION = 1;
				DYLIB_INSTALL_NAME_BASE = "@rpath";
				ENABLE_MODULE_VERIFIER = YES;
				ENABLE_STRICT_OBJC_MSGSEND = YES;
				ENABLE_TESTABILITY = YES;
				GCC_C_LANGUAGE_STANDARD = gnu11;
				GCC_DYNAMIC_NO_PIC = NO;
				GCC_NO_COMMON_BLOCKS = YES;
				GCC_OPTIMIZATION_LEVEL = 0;
				GCC_PREPROCESSOR_DEFINITIONS = (
					"DEBUG=1",
					"$(inherited)",
				);
				GCC_WARN_64_TO_32_BIT_CONVERSION = YES;
				GCC_WARN_ABOUT_RETURN_TYPE = YES_ERROR;
				GCC_WARN_UNDECLARED_SELECTOR = YES;
				GCC_WARN_UNINITIALIZED_AUTOS = YES_AGGRESSIVE;
				GCC_WARN_UNUSED_FUNCTION = YES;
				GCC_WARN_UNUSED_VARIABLE = YES;
				GENERATE_INFOPLIST_FILE = YES;
				HEADER_SEARCH_PATHS = $SRCROOT/libpredict;
				INFOPLIST_KEY_NSHumanReadableCopyright = "";
				INSTALL_PATH = "$(LOCAL_LIBRARY_DIR)/Frameworks";
				IPHONEOS_DEPLOYMENT_TARGET = 15.0;
				LD_RUNPATH_SEARCH_PATHS = (
					"@executable_path/Frameworks",
					"@loader_path/Frameworks",
				);
				"LD_RUNPATH_SEARCH_PATHS[sdk=macosx*]" = (
					"@executable_path/../Frameworks",
					"@loader_path/Frameworks",
				);
				MACOSX_DEPLOYMENT_TARGET = 13.0;
				MARKETING_VERSION = 1.0;
				MODULEMAP_FILE = "";
				MODULE_VERIFIER_SUPPORTED_LANGUAGES = "objective-c objective-c++";
				MODULE_VERIFIER_SUPPORTED_LANGUAGE_STANDARDS = "gnu11 gnu++20";
				MTL_ENABLE_DEBUG_INFO = INCLUDE_SOURCE;
				MTL_FAST_MATH = YES;
				ONLY_ACTIVE_ARCH = YES;
				PRODUCT_BUNDLE_IDENTIFIER = sealscript.net.libpredict;
				PRODUCT_NAME = "$(TARGET_NAME:c99extidentifier)";
				SDKROOT = auto;
				SKIP_INSTALL = YES;
				SUPPORTED_PLATFORMS = "iphoneos iphonesimulator macosx";
				SWIFT_ACTIVE_COMPILATION_CONDITIONS = DEBUG;
				SWIFT_EMIT_LOC_STRINGS = YES;
				SWIFT_OPTIMIZATION_LEVEL = "-Onone";
				SWIFT_VERSION = 5.0;
				TARGETED_DEVICE_FAMILY = "1,2";
				VERSIONING_SYSTEM = "apple-generic";
				VERSION_INFO_PREFIX = "";
			};
			name = Debug;
		};
		D1403E3B2A2303ED000E873B /* Release */ = {
			isa = XCBuildConfiguration;
			buildSettings = {
				ALWAYS_SEARCH_USER_PATHS = NO;
				CLANG_ANALYZER_NONNULL = YES;
				CLANG_ANALYZER_NUMBER_OBJECT_CONVERSION = YES_AGGRESSIVE;
				CLANG_CXX_LANGUAGE_STANDARD = "gnu++20";
				CLANG_ENABLE_MODULES = YES;
				CLANG_ENABLE_OBJC_ARC = YES;
				CLANG_ENABLE_OBJC_WEAK = YES;
				CLANG_WARN_BLOCK_CAPTURE_AUTORELEASING = YES;
				CLANG_WARN_BOOL_CONVERSION = YES;
				CLANG_WARN_COMMA = YES;
				CLANG_WARN_CONSTANT_CONVERSION = YES;
				CLANG_WARN_DEPRECATED_OBJC_IMPLEMENTATIONS = YES;
				CLANG_WARN_DIRECT_OBJC_ISA_USAGE = YES_ERROR;
				CLANG_WARN_DOCUMENTATION_COMMENTS = YES;
				CLANG_WARN_EMPTY_BODY = YES;
				CLANG_WARN_ENUM_CONVERSION = YES;
				CLANG_WARN_INFINITE_RECURSION = YES;
				CLANG_WARN_INT_CONVERSION = YES;
				CLANG_WARN_NON_LITERAL_NULL_CONVERSION = YES;
				CLANG_WARN_OBJC_IMPLICIT_RETAIN_SELF = YES;
				CLANG_WARN_OBJC_LITERAL_CONVERSION = YES;
				CLANG_WARN_OBJC_ROOT_CLASS = YES_ERROR;
				CLANG_WARN_QUOTED_INCLUDE_IN_FRAMEWORK_HEADER = YES;
				CLANG_WARN_RANGE_LOOP_ANALYSIS = YES;
				CLANG_WARN_STRICT_PROTOTYPES = YES;
				CLANG_WARN_SUSPICIOUS_MOVE = YES;
				CLANG_WARN_UNGUARDED_AVAILABILITY = YES_AGGRESSIVE;
				CLANG_WARN_UNREACHABLE_CODE = YES;
				CLANG_WARN__DUPLICATE_METHOD_MATCH = YES;
				CODE_SIGN_STYLE = Automatic;
				COPY_PHASE_STRIP = NO;
				CURRENT_PROJECT_VERSION = 1;
				DEBUG_INFORMATION_FORMAT = "dwarf-with-dsym";
				DEFINES_MODULE = YES;
				DEVELOPMENT_TEAM = SCUM4657N5;
				DYLIB_COMPATIBILITY_VERSION = 1;
				DYLIB_CURRENT_VERSION = 1;
				DYLIB_INSTALL_NAME_BASE = "@rpath";
				ENABLE_MODULE_VERIFIER = YES;
				ENABLE_NS_ASSERTIONS = NO;
				ENABLE_STRICT_OBJC_MSGSEND = YES;
				GCC_C_LANGUAGE_STANDARD = gnu11;
				GCC_NO_COMMON_BLOCKS = YES;
				GCC_WARN_64_TO_32_BIT_CONVERSION = YES;
				GCC_WARN_ABOUT_RETURN_TYPE = YES_ERROR;
				GCC_WARN_UNDECLARED_SELECTOR = YES;
				GCC_WARN_UNINITIALIZED_AUTOS = YES_AGGRESSIVE;
				GCC_WARN_UNUSED_FUNCTION = YES;
				GCC_WARN_UNUSED_VARIABLE = YES;
				GENERATE_INFOPLIST_FILE = YES;
				HEADER_SEARCH_PATHS = $SRCROOT/libpredict;
				INFOPLIST_KEY_NSHumanReadableCopyright = "";
				INSTALL_PATH = "$(LOCAL_LIBRARY_DIR)/Frameworks";
				IPHONEOS_DEPLOYMENT_TARGET = 15.0;
				LD_RUNPATH_SEARCH_PATHS = (
					"@executable_path/Frameworks",
					"@loader_path/Frameworks",
				);
				"LD_RUNPATH_SEARCH_PATHS[sdk=macosx*]" = (
					"@executable_path/../Frameworks",
					"@loader_path/Frameworks",
				);
				MACOSX_DEPLOYMENT_TARGET = 13.0;
				MARKETING_VERSION = 1.0;
				MODULEMAP_FILE = "";
				MODULE_VERIFIER_SUPPORTED_LANGUAGES = "objective-c objective-c++";
				MODULE_VERIFIER_SUPPORTED_LANGUAGE_STANDARDS = "gnu11 gnu++20";
				MTL_ENABLE_DEBUG_INFO = NO;
				MTL_FAST_MATH = YES;
				PRODUCT_BUNDLE_IDENTIFIER = sealscript.net.libpredict;
				PRODUCT_NAME = "$(TARGET_NAME:c99extidentifier)";
				SDKROOT = auto;
				SKIP_INSTALL = YES;
				SUPPORTED_PLATFORMS = "iphoneos iphonesimulator macosx";
				SWIFT_COMPILATION_MODE = wholemodule;
				SWIFT_EMIT_LOC_STRINGS = YES;
				SWIFT_OPTIMIZATION_LEVEL = "-O";
				SWIFT_VERSION = 5.0;
				TARGETED_DEVICE_FAMILY = "1,2";
				VERSIONING_SYSTEM = "apple-generic";
				VERSION_INFO_PREFIX = "";
			};
			name = Release;
		};
		D1A738AD2A24235D002832A1 /* Debug */ = {
			isa = XCBuildConfiguration;
			buildSettings = {
				ALWAYS_SEARCH_USER_PATHS = NO;
				ASSETCATALOG_COMPILER_APPICON_NAME = AppIcon;
				ASSETCATALOG_COMPILER_GLOBAL_ACCENT_COLOR_NAME = AccentColor;
				CLANG_ANALYZER_NONNULL = YES;
				CLANG_ANALYZER_NUMBER_OBJECT_CONVERSION = YES_AGGRESSIVE;
				CLANG_CXX_LANGUAGE_STANDARD = "gnu++20";
				CLANG_ENABLE_MODULES = YES;
				CLANG_ENABLE_OBJC_ARC = YES;
				CLANG_ENABLE_OBJC_WEAK = YES;
				CLANG_WARN_BLOCK_CAPTURE_AUTORELEASING = YES;
				CLANG_WARN_BOOL_CONVERSION = YES;
				CLANG_WARN_COMMA = YES;
				CLANG_WARN_CONSTANT_CONVERSION = YES;
				CLANG_WARN_DEPRECATED_OBJC_IMPLEMENTATIONS = YES;
				CLANG_WARN_DIRECT_OBJC_ISA_USAGE = YES_ERROR;
				CLANG_WARN_DOCUMENTATION_COMMENTS = YES;
				CLANG_WARN_EMPTY_BODY = YES;
				CLANG_WARN_ENUM_CONVERSION = YES;
				CLANG_WARN_INFINITE_RECURSION = YES;
				CLANG_WARN_INT_CONVERSION = YES;
				CLANG_WARN_NON_LITERAL_NULL_CONVERSION = YES;
				CLANG_WARN_OBJC_IMPLICIT_RETAIN_SELF = YES;
				CLANG_WARN_OBJC_LITERAL_CONVERSION = YES;
				CLANG_WARN_OBJC_ROOT_CLASS = YES_ERROR;
				CLANG_WARN_QUOTED_INCLUDE_IN_FRAMEWORK_HEADER = YES;
				CLANG_WARN_RANGE_LOOP_ANALYSIS = YES;
				CLANG_WARN_STRICT_PROTOTYPES = YES;
				CLANG_WARN_SUSPICIOUS_MOVE = YES;
				CLANG_WARN_UNGUARDED_AVAILABILITY = YES_AGGRESSIVE;
				CLANG_WARN_UNREACHABLE_CODE = YES;
				CLANG_WARN__DUPLICATE_METHOD_MATCH = YES;
				CODE_SIGN_STYLE = Automatic;
				COPY_PHASE_STRIP = NO;
				CURRENT_PROJECT_VERSION = 1;
				DEBUG_INFORMATION_FORMAT = dwarf;
				DEVELOPMENT_ASSET_PATHS = "\"SatHunter/Preview Content\"";
				DEVELOPMENT_TEAM = SCUM4657N5;
				ENABLE_PREVIEWS = YES;
				ENABLE_STRICT_OBJC_MSGSEND = YES;
				ENABLE_TESTABILITY = YES;
				GCC_C_LANGUAGE_STANDARD = gnu11;
				GCC_DYNAMIC_NO_PIC = NO;
				GCC_NO_COMMON_BLOCKS = YES;
				GCC_OPTIMIZATION_LEVEL = 0;
				GCC_PREPROCESSOR_DEFINITIONS = (
					"DEBUG=1",
					"$(inherited)",
				);
				GCC_WARN_64_TO_32_BIT_CONVERSION = YES;
				GCC_WARN_ABOUT_RETURN_TYPE = YES_ERROR;
				GCC_WARN_UNDECLARED_SELECTOR = YES;
				GCC_WARN_UNINITIALIZED_AUTOS = YES_AGGRESSIVE;
				GCC_WARN_UNUSED_FUNCTION = YES;
				GCC_WARN_UNUSED_VARIABLE = YES;
				GENERATE_INFOPLIST_FILE = YES;
				INFOPLIST_FILE = SatHunter/Info.plist;
				INFOPLIST_KEY_CFBundleDisplayName = SatHunter;
				INFOPLIST_KEY_LSApplicationCategoryType = "public.app-category.lifestyle";
				INFOPLIST_KEY_NSBluetoothAlwaysUsageDescription = "We use BTLE to control your IC-705.";
				INFOPLIST_KEY_NSLocationWhenInUseUsageDescription = "We need your location to calculate satellite passes.";
				INFOPLIST_KEY_UIApplicationSceneManifest_Generation = YES;
				INFOPLIST_KEY_UIApplicationSupportsIndirectInputEvents = YES;
				INFOPLIST_KEY_UILaunchScreen_Generation = YES;
				INFOPLIST_KEY_UIStatusBarStyle = "";
				INFOPLIST_KEY_UISupportedInterfaceOrientations = UIInterfaceOrientationPortrait;
				INFOPLIST_KEY_UISupportedInterfaceOrientations_iPad = "UIInterfaceOrientationLandscapeLeft UIInterfaceOrientationLandscapeRight UIInterfaceOrientationPortrait UIInterfaceOrientationPortraitUpsideDown";
				IPHONEOS_DEPLOYMENT_TARGET = 16.0;
				LD_RUNPATH_SEARCH_PATHS = (
					"$(inherited)",
					"@executable_path/Frameworks",
				);
				MARKETING_VERSION = 1.0.2;
				MTL_ENABLE_DEBUG_INFO = INCLUDE_SOURCE;
				MTL_FAST_MATH = YES;
				ONLY_ACTIVE_ARCH = YES;
				PRODUCT_BUNDLE_IDENTIFIER = sealscript.net.SatHunter;
				PRODUCT_NAME = "$(TARGET_NAME)";
				SDKROOT = iphoneos;
				SUPPORTED_PLATFORMS = "iphoneos iphonesimulator";
				SUPPORTS_MACCATALYST = NO;
				SUPPORTS_MAC_DESIGNED_FOR_IPHONE_IPAD = NO;
				SWIFT_ACTIVE_COMPILATION_CONDITIONS = DEBUG;
				SWIFT_EMIT_LOC_STRINGS = YES;
				SWIFT_OBJC_BRIDGING_HEADER = $SRCROOT/libpredict/predict/predict.h;
				SWIFT_OPTIMIZATION_LEVEL = "-Onone";
				SWIFT_VERSION = 5.0;
				TARGETED_DEVICE_FAMILY = 1;
			};
			name = Debug;
		};
		D1A738AE2A24235D002832A1 /* Release */ = {
			isa = XCBuildConfiguration;
			buildSettings = {
				ALWAYS_SEARCH_USER_PATHS = NO;
				ASSETCATALOG_COMPILER_APPICON_NAME = AppIcon;
				ASSETCATALOG_COMPILER_GLOBAL_ACCENT_COLOR_NAME = AccentColor;
				CLANG_ANALYZER_NONNULL = YES;
				CLANG_ANALYZER_NUMBER_OBJECT_CONVERSION = YES_AGGRESSIVE;
				CLANG_CXX_LANGUAGE_STANDARD = "gnu++20";
				CLANG_ENABLE_MODULES = YES;
				CLANG_ENABLE_OBJC_ARC = YES;
				CLANG_ENABLE_OBJC_WEAK = YES;
				CLANG_WARN_BLOCK_CAPTURE_AUTORELEASING = YES;
				CLANG_WARN_BOOL_CONVERSION = YES;
				CLANG_WARN_COMMA = YES;
				CLANG_WARN_CONSTANT_CONVERSION = YES;
				CLANG_WARN_DEPRECATED_OBJC_IMPLEMENTATIONS = YES;
				CLANG_WARN_DIRECT_OBJC_ISA_USAGE = YES_ERROR;
				CLANG_WARN_DOCUMENTATION_COMMENTS = YES;
				CLANG_WARN_EMPTY_BODY = YES;
				CLANG_WARN_ENUM_CONVERSION = YES;
				CLANG_WARN_INFINITE_RECURSION = YES;
				CLANG_WARN_INT_CONVERSION = YES;
				CLANG_WARN_NON_LITERAL_NULL_CONVERSION = YES;
				CLANG_WARN_OBJC_IMPLICIT_RETAIN_SELF = YES;
				CLANG_WARN_OBJC_LITERAL_CONVERSION = YES;
				CLANG_WARN_OBJC_ROOT_CLASS = YES_ERROR;
				CLANG_WARN_QUOTED_INCLUDE_IN_FRAMEWORK_HEADER = YES;
				CLANG_WARN_RANGE_LOOP_ANALYSIS = YES;
				CLANG_WARN_STRICT_PROTOTYPES = YES;
				CLANG_WARN_SUSPICIOUS_MOVE = YES;
				CLANG_WARN_UNGUARDED_AVAILABILITY = YES_AGGRESSIVE;
				CLANG_WARN_UNREACHABLE_CODE = YES;
				CLANG_WARN__DUPLICATE_METHOD_MATCH = YES;
				CODE_SIGN_STYLE = Automatic;
				COPY_PHASE_STRIP = NO;
				CURRENT_PROJECT_VERSION = 1;
				DEBUG_INFORMATION_FORMAT = "dwarf-with-dsym";
				DEVELOPMENT_ASSET_PATHS = "\"SatHunter/Preview Content\"";
				DEVELOPMENT_TEAM = SCUM4657N5;
				ENABLE_NS_ASSERTIONS = NO;
				ENABLE_PREVIEWS = YES;
				ENABLE_STRICT_OBJC_MSGSEND = YES;
				GCC_C_LANGUAGE_STANDARD = gnu11;
				GCC_NO_COMMON_BLOCKS = YES;
				GCC_WARN_64_TO_32_BIT_CONVERSION = YES;
				GCC_WARN_ABOUT_RETURN_TYPE = YES_ERROR;
				GCC_WARN_UNDECLARED_SELECTOR = YES;
				GCC_WARN_UNINITIALIZED_AUTOS = YES_AGGRESSIVE;
				GCC_WARN_UNUSED_FUNCTION = YES;
				GCC_WARN_UNUSED_VARIABLE = YES;
				GENERATE_INFOPLIST_FILE = YES;
				INFOPLIST_FILE = SatHunter/Info.plist;
				INFOPLIST_KEY_CFBundleDisplayName = SatHunter;
				INFOPLIST_KEY_LSApplicationCategoryType = "public.app-category.lifestyle";
				INFOPLIST_KEY_NSBluetoothAlwaysUsageDescription = "We use BTLE to control your IC-705.";
				INFOPLIST_KEY_NSLocationWhenInUseUsageDescription = "We need your location to calculate satellite passes.";
				INFOPLIST_KEY_UIApplicationSceneManifest_Generation = YES;
				INFOPLIST_KEY_UIApplicationSupportsIndirectInputEvents = YES;
				INFOPLIST_KEY_UILaunchScreen_Generation = YES;
				INFOPLIST_KEY_UIStatusBarStyle = "";
				INFOPLIST_KEY_UISupportedInterfaceOrientations = UIInterfaceOrientationPortrait;
				INFOPLIST_KEY_UISupportedInterfaceOrientations_iPad = "UIInterfaceOrientationLandscapeLeft UIInterfaceOrientationLandscapeRight UIInterfaceOrientationPortrait UIInterfaceOrientationPortraitUpsideDown";
				IPHONEOS_DEPLOYMENT_TARGET = 16.0;
				LD_RUNPATH_SEARCH_PATHS = (
					"$(inherited)",
					"@executable_path/Frameworks",
				);
				MARKETING_VERSION = 1.0.2;
				MTL_ENABLE_DEBUG_INFO = NO;
				MTL_FAST_MATH = YES;
				PRODUCT_BUNDLE_IDENTIFIER = sealscript.net.SatHunter;
				PRODUCT_NAME = "$(TARGET_NAME)";
				SDKROOT = iphoneos;
				SUPPORTED_PLATFORMS = "iphoneos iphonesimulator";
				SUPPORTS_MACCATALYST = NO;
				SUPPORTS_MAC_DESIGNED_FOR_IPHONE_IPAD = NO;
				SWIFT_COMPILATION_MODE = wholemodule;
				SWIFT_EMIT_LOC_STRINGS = YES;
				SWIFT_OBJC_BRIDGING_HEADER = $SRCROOT/libpredict/predict/predict.h;
				SWIFT_OPTIMIZATION_LEVEL = "-O";
				SWIFT_VERSION = 5.0;
				TARGETED_DEVICE_FAMILY = 1;
				VALIDATE_PRODUCT = YES;
			};
			name = Release;
		};
/* End XCBuildConfiguration section */

/* Begin XCConfigurationList section */
		D1403E2C2A2303C9000E873B /* Build configuration list for PBXProject "SatHunter" */ = {
			isa = XCConfigurationList;
			buildConfigurations = (
				D1403E2D2A2303C9000E873B /* Debug */,
				D1403E2E2A2303C9000E873B /* Release */,
			);
			defaultConfigurationIsVisible = 0;
			defaultConfigurationName = Release;
		};
		D1403E392A2303ED000E873B /* Build configuration list for PBXNativeTarget "libpredict" */ = {
			isa = XCConfigurationList;
			buildConfigurations = (
				D1403E3A2A2303ED000E873B /* Debug */,
				D1403E3B2A2303ED000E873B /* Release */,
			);
			defaultConfigurationIsVisible = 0;
			defaultConfigurationName = Release;
		};
		D1A738B32A24235D002832A1 /* Build configuration list for PBXNativeTarget "SatHunter" */ = {
			isa = XCConfigurationList;
			buildConfigurations = (
				D1A738AD2A24235D002832A1 /* Debug */,
				D1A738AE2A24235D002832A1 /* Release */,
			);
			defaultConfigurationIsVisible = 0;
			defaultConfigurationName = Release;
		};
/* End XCConfigurationList section */

/* Begin XCRemoteSwiftPackageReference section */
		D129523E2A28004D00334302 /* XCRemoteSwiftPackageReference "swift-protobuf" */ = {
			isa = XCRemoteSwiftPackageReference;
			repositoryURL = "https://github.com/apple/swift-protobuf.git";
			requirement = {
				kind = upToNextMajorVersion;
				minimumVersion = 1.0.0;
			};
		};
/* End XCRemoteSwiftPackageReference section */

/* Begin XCSwiftPackageProductDependency section */
		D129523F2A28004D00334302 /* SwiftProtobuf */ = {
			isa = XCSwiftPackageProductDependency;
			package = D129523E2A28004D00334302 /* XCRemoteSwiftPackageReference "swift-protobuf" */;
			productName = SwiftProtobuf;
		};
/* End XCSwiftPackageProductDependency section */
	};
	rootObject = D1403E292A2303C9000E873B /* Project object */;
}
